
Microsoft Visual Studio Solution File, Format Version 12.00
# Visual Studio Version 17
VisualStudioVersion = 17.7.34202.233
MinimumVisualStudioVersion = 10.0.40219.1
Project("{9A19103F-16F7-4668-BE54-9A1E7A4F7556}") = "GestionContacts.Core", "GestionContacts.Core\GestionContacts.Core.csproj", "{11A71A63-FAD0-4B82-8BF0-00E41AA81DF9}"
EndProject
Project("{9A19103F-16F7-4668-BE54-9A1E7A4F7556}") = "GestionContacts.UnitTests", "GestionContacts.UnitTests\GestionContacts.UnitTests.csproj", "{FC930486-68DE-44BF-8B69-DCF263DFB415}"
EndProject
Project("{9A19103F-16F7-4668-BE54-9A1E7A4F7556}") = "GestionContacts.Infrastructure", "GestionContacts.Infrastructure\GestionContacts.Infrastructure.csproj", "{C1FAED07-CF5D-47DB-8210-CD1E4334556D}"
EndProject
Project("{2150E333-8FDC-42A3-9474-1A3956D46DE8}") = "IHM", "IHM", "{6A5FCE26-C9F7-49F9-89FA-4A3645A3B3A9}"
EndProject
Project("{9A19103F-16F7-4668-BE54-9A1E7A4F7556}") = "GestionContacts.Console", "GestionContacts.Console\GestionContacts.Console.csproj", "{10437B93-4FE9-434E-9BB9-12FF54D8FD10}"
EndProject
Project("{9A19103F-16F7-4668-BE54-9A1E7A4F7556}") = "GestionContacts.IntegrationTests", "GestionContacts.IntegrationTests\GestionContacts.IntegrationTests.csproj", "{6DB1EAE3-63CD-45A0-81F4-49268E775F90}"
EndProject
Project("{FAE04EC0-301F-11D3-BF4B-00C04F79EFBC}") = "GestionContacts.Web", "GestionContacts.Web\GestionContacts.Web.csproj", "{4B1FC39C-A573-4A04-AFCE-A01E50326305}"
EndProject
Project("{FAE04EC0-301F-11D3-BF4B-00C04F79EFBC}") = "GestionContacts.Api", "GestionContacts.Api\GestionContacts.Api.csproj", "{84086944-123F-44F0-B212-4F779D6D79BF}"
EndProject
Project("{FAE04EC0-301F-11D3-BF4B-00C04F79EFBC}") = "GestionContacts.Wpf", "GestionContacts.Wpf\GestionContacts.Wpf.csproj", "{60323441-FDDA-44EE-98BE-2F12893068D9}"
EndProject
Global
	GlobalSection(SolutionConfigurationPlatforms) = preSolution
		Debug|Any CPU = Debug|Any CPU
		Release|Any CPU = Release|Any CPU
	EndGlobalSection
	GlobalSection(ProjectConfigurationPlatforms) = postSolution
		{11A71A63-FAD0-4B82-8BF0-00E41AA81DF9}.Debug|Any CPU.ActiveCfg = Debug|Any CPU
		{11A71A63-FAD0-4B82-8BF0-00E41AA81DF9}.Debug|Any CPU.Build.0 = Debug|Any CPU
		{11A71A63-FAD0-4B82-8BF0-00E41AA81DF9}.Release|Any CPU.ActiveCfg = Release|Any CPU
		{11A71A63-FAD0-4B82-8BF0-00E41AA81DF9}.Release|Any CPU.Build.0 = Release|Any CPU
		{FC930486-68DE-44BF-8B69-DCF263DFB415}.Debug|Any CPU.ActiveCfg = Debug|Any CPU
		{FC930486-68DE-44BF-8B69-DCF263DFB415}.Debug|Any CPU.Build.0 = Debug|Any CPU
		{FC930486-68DE-44BF-8B69-DCF263DFB415}.Release|Any CPU.ActiveCfg = Release|Any CPU
		{FC930486-68DE-44BF-8B69-DCF263DFB415}.Release|Any CPU.Build.0 = Release|Any CPU
		{C1FAED07-CF5D-47DB-8210-CD1E4334556D}.Debug|Any CPU.ActiveCfg = Debug|Any CPU
		{C1FAED07-CF5D-47DB-8210-CD1E4334556D}.Debug|Any CPU.Build.0 = Debug|Any CPU
		{C1FAED07-CF5D-47DB-8210-CD1E4334556D}.Release|Any CPU.ActiveCfg = Release|Any CPU
		{C1FAED07-CF5D-47DB-8210-CD1E4334556D}.Release|Any CPU.Build.0 = Release|Any CPU
		{10437B93-4FE9-434E-9BB9-12FF54D8FD10}.Debug|Any CPU.ActiveCfg = Debug|Any CPU
		{10437B93-4FE9-434E-9BB9-12FF54D8FD10}.Debug|Any CPU.Build.0 = Debug|Any CPU
		{10437B93-4FE9-434E-9BB9-12FF54D8FD10}.Release|Any CPU.ActiveCfg = Release|Any CPU
		{10437B93-4FE9-434E-9BB9-12FF54D8FD10}.Release|Any CPU.Build.0 = Release|Any CPU
		{6DB1EAE3-63CD-45A0-81F4-49268E775F90}.Debug|Any CPU.ActiveCfg = Debug|Any CPU
		{6DB1EAE3-63CD-45A0-81F4-49268E775F90}.Debug|Any CPU.Build.0 = Debug|Any CPU
		{6DB1EAE3-63CD-45A0-81F4-49268E775F90}.Release|Any CPU.ActiveCfg = Release|Any CPU
		{6DB1EAE3-63CD-45A0-81F4-49268E775F90}.Release|Any CPU.Build.0 = Release|Any CPU
		{4B1FC39C-A573-4A04-AFCE-A01E50326305}.Debug|Any CPU.ActiveCfg = Debug|Any CPU
		{4B1FC39C-A573-4A04-AFCE-A01E50326305}.Debug|Any CPU.Build.0 = Debug|Any CPU
		{4B1FC39C-A573-4A04-AFCE-A01E50326305}.Release|Any CPU.ActiveCfg = Release|Any CPU
		{4B1FC39C-A573-4A04-AFCE-A01E50326305}.Release|Any CPU.Build.0 = Release|Any CPU
		{84086944-123F-44F0-B212-4F779D6D79BF}.Debug|Any CPU.ActiveCfg = Debug|Any CPU
		{84086944-123F-44F0-B212-4F779D6D79BF}.Debug|Any CPU.Build.0 = Debug|Any CPU
		{84086944-123F-44F0-B212-4F779D6D79BF}.Release|Any CPU.ActiveCfg = Release|Any CPU
		{84086944-123F-44F0-B212-4F779D6D79BF}.Release|Any CPU.Build.0 = Release|Any CPU
		{60323441-FDDA-44EE-98BE-2F12893068D9}.Debug|Any CPU.ActiveCfg = Debug|Any CPU
		{60323441-FDDA-44EE-98BE-2F12893068D9}.Debug|Any CPU.Build.0 = Debug|Any CPU
		{60323441-FDDA-44EE-98BE-2F12893068D9}.Release|Any CPU.ActiveCfg = Release|Any CPU
		{60323441-FDDA-44EE-98BE-2F12893068D9}.Release|Any CPU.Build.0 = Release|Any CPU
	EndGlobalSection
	GlobalSection(SolutionProperties) = preSolution
		HideSolutionNode = FALSE
	EndGlobalSection
	GlobalSection(NestedProjects) = preSolution
		{10437B93-4FE9-434E-9BB9-12FF54D8FD10} = {6A5FCE26-C9F7-49F9-89FA-4A3645A3B3A9}
		{4B1FC39C-A573-4A04-AFCE-A01E50326305} = {6A5FCE26-C9F7-49F9-89FA-4A3645A3B3A9}
		{84086944-123F-44F0-B212-4F779D6D79BF} = {6A5FCE26-C9F7-49F9-89FA-4A3645A3B3A9}
		{60323441-FDDA-44EE-98BE-2F12893068D9} = {6A5FCE26-C9F7-49F9-89FA-4A3645A3B3A9}
	EndGlobalSection
	GlobalSection(ExtensibilityGlobals) = postSolution
		SolutionGuid = {25134D64-48C8-43D3-A013-57927A7ECFFF}
	EndGlobalSection
EndGlobal
